
Microsoft Visual Studio Solution File, Format Version 12.00
Project("{FAE04EC0-301F-11D3-BF4B-00C04F79EFBC}") = "BenBristow.Bootstrap.AspNetCoreMvc", "BenBristow.Bootstrap.AspNetCoreMvc\BenBristow.Bootstrap.AspNetCoreMvc.csproj", "{78386541-54A1-4BE4-9F52-213AC65A9D8A}"
EndProject
Project("{FAE04EC0-301F-11D3-BF4B-00C04F79EFBC}") = "BenBristow.Bootstrap.AspNetCoreMvc.PatternLibrary", "BenBristow.Bootstrap.AspNetCoreMvc.PatternLibrary\BenBristow.Bootstrap.AspNetCoreMvc.PatternLibrary.csproj", "{BC8DE1AC-AF4D-43E2-AC38-0A4337E5EE56}"
EndProject
Global
	GlobalSection(SolutionConfigurationPlatforms) = preSolution
		Debug|Any CPU = Debug|Any CPU
		Release|Any CPU = Release|Any CPU
	EndGlobalSection
	GlobalSection(ProjectConfigurationPlatforms) = postSolution
		{78386541-54A1-4BE4-9F52-213AC65A9D8A}.Debug|Any CPU.ActiveCfg = Debug|Any CPU
		{78386541-54A1-4BE4-9F52-213AC65A9D8A}.Debug|Any CPU.Build.0 = Debug|Any CPU
		{78386541-54A1-4BE4-9F52-213AC65A9D8A}.Release|Any CPU.ActiveCfg = Release|Any CPU
		{78386541-54A1-4BE4-9F52-213AC65A9D8A}.Release|Any CPU.Build.0 = Release|Any CPU
		{BC8DE1AC-AF4D-43E2-AC38-0A4337E5EE56}.Debug|Any CPU.ActiveCfg = Debug|Any CPU
		{BC8DE1AC-AF4D-43E2-AC38-0A4337E5EE56}.Debug|Any CPU.Build.0 = Debug|Any CPU
		{BC8DE1AC-AF4D-43E2-AC38-0A4337E5EE56}.Release|Any CPU.ActiveCfg = Release|Any CPU
		{BC8DE1AC-AF4D-43E2-AC38-0A4337E5EE56}.Release|Any CPU.Build.0 = Release|Any CPU
	EndGlobalSection
EndGlobal
